
Microsoft Visual Studio Solution File, Format Version 12.00
# Visual Studio Version 16
VisualStudioVersion = 16.0.31129.286
MinimumVisualStudioVersion = 10.0.40219.1
Project("{9A19103F-16F7-4668-BE54-9A1E7A4F7556}") = "HelloGrpcService", "HelloGrpcService\HelloGrpcService.csproj", "{B3F48EFD-4AFF-4A8D-ADD8-531F0C97008C}"
EndProject
Project("{9A19103F-16F7-4668-BE54-9A1E7A4F7556}") = "HelloGrpcClientApp", "HelloGrpcClientApp\HelloGrpcClientApp.csproj", "{D7B66BEE-B0D0-43CB-AB0C-0A40C83E4351}"
EndProject
Global
	GlobalSection(SolutionConfigurationPlatforms) = preSolution
		Debug|Any CPU = Debug|Any CPU
		Release|Any CPU = Release|Any CPU
	EndGlobalSection
	GlobalSection(ProjectConfigurationPlatforms) = postSolution
		{B3F48EFD-4AFF-4A8D-ADD8-531F0C97008C}.Debug|Any CPU.ActiveCfg = Debug|Any CPU
		{B3F48EFD-4AFF-4A8D-ADD8-531F0C97008C}.Debug|Any CPU.Build.0 = Debug|Any CPU
		{B3F48EFD-4AFF-4A8D-ADD8-531F0C97008C}.Release|Any CPU.ActiveCfg = Release|Any CPU
		{B3F48EFD-4AFF-4A8D-ADD8-531F0C97008C}.Release|Any CPU.Build.0 = Release|Any CPU
		{D7B66BEE-B0D0-43CB-AB0C-0A40C83E4351}.Debug|Any CPU.ActiveCfg = Debug|Any CPU
		{D7B66BEE-B0D0-43CB-AB0C-0A40C83E4351}.Debug|Any CPU.Build.0 = Debug|Any CPU
		{D7B66BEE-B0D0-43CB-AB0C-0A40C83E4351}.Release|Any CPU.ActiveCfg = Release|Any CPU
		{D7B66BEE-B0D0-43CB-AB0C-0A40C83E4351}.Release|Any CPU.Build.0 = Release|Any CPU
	EndGlobalSection
	GlobalSection(SolutionProperties) = preSolution
		HideSolutionNode = FALSE
	EndGlobalSection
	GlobalSection(ExtensibilityGlobals) = postSolution
		SolutionGuid = {6552B494-8BC8-4C12-8899-857523DAFAFC}
	EndGlobalSection
EndGlobal
